
Microsoft Visual Studio Solution File, Format Version 12.00
# Visual Studio Version 17
VisualStudioVersion = 17.12.35527.113
MinimumVisualStudioVersion = 10.0.40219.1
Project("{FAE04EC0-301F-11D3-BF4B-00C04F79EFBC}") = "Client", "Client\Client.csproj", "{3B1D0910-075D-47B9-9B7B-1043DC2731F4}"
EndProject
Project("{FAE04EC0-301F-11D3-BF4B-00C04F79EFBC}") = "Server", "Server\Server.csproj", "{FA81D283-9671-4B3D-9D20-88DE0583FFA3}"
EndProject
Global
	GlobalSection(SolutionConfigurationPlatforms) = preSolution
		Debug|Any CPU = Debug|Any CPU
		Release|Any CPU = Release|Any CPU
	EndGlobalSection
	GlobalSection(ProjectConfigurationPlatforms) = postSolution
		{3B1D0910-075D-47B9-9B7B-1043DC2731F4}.Debug|Any CPU.ActiveCfg = Debug|Any CPU
		{3B1D0910-075D-47B9-9B7B-1043DC2731F4}.Debug|Any CPU.Build.0 = Debug|Any CPU
		{3B1D0910-075D-47B9-9B7B-1043DC2731F4}.Release|Any CPU.ActiveCfg = Release|Any CPU
		{3B1D0910-075D-47B9-9B7B-1043DC2731F4}.Release|Any CPU.Build.0 = Release|Any CPU
		{FA81D283-9671-4B3D-9D20-88DE0583FFA3}.Debug|Any CPU.ActiveCfg = Debug|Any CPU
		{FA81D283-9671-4B3D-9D20-88DE0583FFA3}.Debug|Any CPU.Build.0 = Debug|Any CPU
		{FA81D283-9671-4B3D-9D20-88DE0583FFA3}.Release|Any CPU.ActiveCfg = Release|Any CPU
		{FA81D283-9671-4B3D-9D20-88DE0583FFA3}.Release|Any CPU.Build.0 = Release|Any CPU
	EndGlobalSection
	GlobalSection(SolutionProperties) = preSolution
		HideSolutionNode = FALSE
	EndGlobalSection
EndGlobal
